
Microsoft Visual Studio Solution File, Format Version 12.00
# Visual Studio 15
VisualStudioVersion = 15.0.26430.16
MinimumVisualStudioVersion = 10.0.40219.1
Project("{FAE04EC0-301F-11D3-BF4B-00C04F79EFBC}") = "Presentacion", "Presentacion\Presentacion.csproj", "{055AF357-A2B0-4672-B270-3752A58147C4}"
EndProject
Project("{FAE04EC0-301F-11D3-BF4B-00C04F79EFBC}") = "Logica", "Logica\Logica.csproj", "{CA06D2CA-F56C-4E1F-906B-705029371763}"
EndProject
Project("{FAE04EC0-301F-11D3-BF4B-00C04F79EFBC}") = "Datos", "Datos\Datos.csproj", "{081B5A45-A24C-4DFA-B268-0FD1344B5963}"
EndProject
Global
	GlobalSection(SolutionConfigurationPlatforms) = preSolution
		Debug|Any CPU = Debug|Any CPU
		Release|Any CPU = Release|Any CPU
	EndGlobalSection
	GlobalSection(ProjectConfigurationPlatforms) = postSolution
		{055AF357-A2B0-4672-B270-3752A58147C4}.Debug|Any CPU.ActiveCfg = Debug|Any CPU
		{055AF357-A2B0-4672-B270-3752A58147C4}.Debug|Any CPU.Build.0 = Debug|Any CPU
		{055AF357-A2B0-4672-B270-3752A58147C4}.Release|Any CPU.ActiveCfg = Release|Any CPU
		{055AF357-A2B0-4672-B270-3752A58147C4}.Release|Any CPU.Build.0 = Release|Any CPU
		{CA06D2CA-F56C-4E1F-906B-705029371763}.Debug|Any CPU.ActiveCfg = Debug|Any CPU
		{CA06D2CA-F56C-4E1F-906B-705029371763}.Debug|Any CPU.Build.0 = Debug|Any CPU
		{CA06D2CA-F56C-4E1F-906B-705029371763}.Release|Any CPU.ActiveCfg = Release|Any CPU
		{CA06D2CA-F56C-4E1F-906B-705029371763}.Release|Any CPU.Build.0 = Release|Any CPU
		{081B5A45-A24C-4DFA-B268-0FD1344B5963}.Debug|Any CPU.ActiveCfg = Debug|Any CPU
		{081B5A45-A24C-4DFA-B268-0FD1344B5963}.Debug|Any CPU.Build.0 = Debug|Any CPU
		{081B5A45-A24C-4DFA-B268-0FD1344B5963}.Release|Any CPU.ActiveCfg = Release|Any CPU
		{081B5A45-A24C-4DFA-B268-0FD1344B5963}.Release|Any CPU.Build.0 = Release|Any CPU
	EndGlobalSection
	GlobalSection(SolutionProperties) = preSolution
		HideSolutionNode = FALSE
	EndGlobalSection
EndGlobal
